
Microsoft Visual Studio Solution File, Format Version 12.00
# Visual Studio Version 16
VisualStudioVersion = 16.0.30114.105
MinimumVisualStudioVersion = 10.0.40219.1
Project("{FAE04EC0-301F-11D3-BF4B-00C04F79EFBC}") = "ReconhecimentoFacial.Lib", "ReconhecimentoFacial.Lib\ReconhecimentoFacial.Lib.csproj", "{52A75124-B4FA-44C8-9BCD-AF45275E0824}"
EndProject
Project("{FAE04EC0-301F-11D3-BF4B-00C04F79EFBC}") = "ReconhecimentoFacial", "ReconhecimentoFacial.Web\ReconhecimentoFacial.csproj", "{4A8743E5-80F3-47C0-98AB-50EED9040BC6}"
EndProject
Global
	GlobalSection(SolutionConfigurationPlatforms) = preSolution
		Debug|Any CPU = Debug|Any CPU
		Release|Any CPU = Release|Any CPU
	EndGlobalSection
	GlobalSection(SolutionProperties) = preSolution
		HideSolutionNode = FALSE
	EndGlobalSection
	GlobalSection(ProjectConfigurationPlatforms) = postSolution
		{52A75124-B4FA-44C8-9BCD-AF45275E0824}.Debug|Any CPU.ActiveCfg = Debug|Any CPU
		{52A75124-B4FA-44C8-9BCD-AF45275E0824}.Debug|Any CPU.Build.0 = Debug|Any CPU
		{52A75124-B4FA-44C8-9BCD-AF45275E0824}.Release|Any CPU.ActiveCfg = Release|Any CPU
		{52A75124-B4FA-44C8-9BCD-AF45275E0824}.Release|Any CPU.Build.0 = Release|Any CPU
		{4A8743E5-80F3-47C0-98AB-50EED9040BC6}.Debug|Any CPU.ActiveCfg = Debug|Any CPU
		{4A8743E5-80F3-47C0-98AB-50EED9040BC6}.Debug|Any CPU.Build.0 = Debug|Any CPU
		{4A8743E5-80F3-47C0-98AB-50EED9040BC6}.Release|Any CPU.ActiveCfg = Release|Any CPU
		{4A8743E5-80F3-47C0-98AB-50EED9040BC6}.Release|Any CPU.Build.0 = Release|Any CPU
	EndGlobalSection
EndGlobal
